// !$*UTF8*$!
{
	archiveVersion = 1;
	classes = {
	};
	objectVersion = 46;
	objects = {

/* Begin PBXBuildFile section */
		5603F42016B4B10B00064EE8 /* State.m in Sources */ = {isa = PBXBuildFile; fileRef = 5603F41F16B4B10B00064EE8 /* State.m */; };
		5603F42516B4EBD100064EE8 /* Player.m in Sources */ = {isa = PBXBuildFile; fileRef = 5603F42416B4EBD100064EE8 /* Player.m */; };
		56065F0316A3701100C4BA83 /* UIKit.framework in Frameworks */ = {isa = PBXBuildFile; fileRef = 56065F0216A3701100C4BA83 /* UIKit.framework */; };
		56065F0516A3701100C4BA83 /* Foundation.framework in Frameworks */ = {isa = PBXBuildFile; fileRef = 56065F0416A3701100C4BA83 /* Foundation.framework */; };
		56065F0716A3701100C4BA83 /* CoreGraphics.framework in Frameworks */ = {isa = PBXBuildFile; fileRef = 56065F0616A3701100C4BA83 /* CoreGraphics.framework */; };
		56065F0D16A3701100C4BA83 /* InfoPlist.strings in Resources */ = {isa = PBXBuildFile; fileRef = 56065F0B16A3701100C4BA83 /* InfoPlist.strings */; };
		56065F0F16A3701100C4BA83 /* main.m in Sources */ = {isa = PBXBuildFile; fileRef = 56065F0E16A3701100C4BA83 /* main.m */; };
		56065F1316A3701100C4BA83 /* PokerBasicAppDelegate.m in Sources */ = {isa = PBXBuildFile; fileRef = 56065F1216A3701100C4BA83 /* PokerBasicAppDelegate.m */; };
		56065F1516A3701100C4BA83 /* Default.png in Resources */ = {isa = PBXBuildFile; fileRef = 56065F1416A3701100C4BA83 /* Default.png */; };
		56065F1716A3701100C4BA83 /* Default@2x.png in Resources */ = {isa = PBXBuildFile; fileRef = 56065F1616A3701100C4BA83 /* Default@2x.png */; };
		56065F1916A3701100C4BA83 /* Default-568h@2x.png in Resources */ = {isa = PBXBuildFile; fileRef = 56065F1816A3701100C4BA83 /* Default-568h@2x.png */; };
		56065F1C16A3701100C4BA83 /* MainStoryboard.storyboard in Resources */ = {isa = PBXBuildFile; fileRef = 56065F1A16A3701100C4BA83 /* MainStoryboard.storyboard */; };
		56065F1F16A3701100C4BA83 /* LoginViewController.m in Sources */ = {isa = PBXBuildFile; fileRef = 56065F1E16A3701100C4BA83 /* LoginViewController.m */; };
		562C9D3316BB6121004C15BF /* blackChip.png in Resources */ = {isa = PBXBuildFile; fileRef = 562C9CF716BB6121004C15BF /* blackChip.png */; };
		562C9D3416BB6121004C15BF /* dealer_button.png in Resources */ = {isa = PBXBuildFile; fileRef = 562C9CF816BB6121004C15BF /* dealer_button.png */; };
		562C9D3516BB6121004C15BF /* pot_background2.png in Resources */ = {isa = PBXBuildFile; fileRef = 562C9CF916BB6121004C15BF /* pot_background2.png */; };
		562C9D3616BB6121004C15BF /* redChip.png in Resources */ = {isa = PBXBuildFile; fileRef = 562C9CFA16BB6121004C15BF /* redChip.png */; };
		562C9D3716BB6121004C15BF /* poker_table.png in Resources */ = {isa = PBXBuildFile; fileRef = 562C9CFD16BB6121004C15BF /* poker_table.png */; };
		562C9D3B16BB6180004C15BF /* PokerTableView.m in Sources */ = {isa = PBXBuildFile; fileRef = 562C9D3A16BB6180004C15BF /* PokerTableView.m */; };
		562C9D3E16BB6474004C15BF /* Bot.m in Sources */ = {isa = PBXBuildFile; fileRef = 562C9D3D16BB6474004C15BF /* Bot.m */; };
		56AA894716D1B36200B181B5 /* fileclose.png in Resources */ = {isa = PBXBuildFile; fileRef = 56AA894616D1B36200B181B5 /* fileclose.png */; };
		56AA894916D1B5B300B181B5 /* close.png in Resources */ = {isa = PBXBuildFile; fileRef = 56AA894816D1B5B300B181B5 /* close.png */; };
		56B0B42616D42906005B43F6 /* card_2c.png in Resources */ = {isa = PBXBuildFile; fileRef = 56B0B3F216D42906005B43F6 /* card_2c.png */; };
		56B0B42716D42906005B43F6 /* card_2d.png in Resources */ = {isa = PBXBuildFile; fileRef = 56B0B3F316D42906005B43F6 /* card_2d.png */; };
		56B0B42816D42906005B43F6 /* card_2h.png in Resources */ = {isa = PBXBuildFile; fileRef = 56B0B3F416D42906005B43F6 /* card_2h.png */; };
		56B0B42916D42906005B43F6 /* card_2s.png in Resources */ = {isa = PBXBuildFile; fileRef = 56B0B3F516D42906005B43F6 /* card_2s.png */; };
		56B0B42A16D42906005B43F6 /* card_3c.png in Resources */ = {isa = PBXBuildFile; fileRef = 56B0B3F616D42906005B43F6 /* card_3c.png */; };
		56B0B42B16D42906005B43F6 /* card_3d.png in Resources */ = {isa = PBXBuildFile; fileRef = 56B0B3F716D42906005B43F6 /* card_3d.png */; };
		56B0B42C16D42906005B43F6 /* card_3h.png in Resources */ = {isa = PBXBuildFile; fileRef = 56B0B3F816D42906005B43F6 /* card_3h.png */; };
		56B0B42D16D42906005B43F6 /* card_3s.png in Resources */ = {isa = PBXBuildFile; fileRef = 56B0B3F916D42906005B43F6 /* card_3s.png */; };
		56B0B42E16D42906005B43F6 /* card_4c.png in Resources */ = {isa = PBXBuildFile; fileRef = 56B0B3FA16D42906005B43F6 /* card_4c.png */; };
		56B0B42F16D42906005B43F6 /* card_4d.png in Resources */ = {isa = PBXBuildFile; fileRef = 56B0B3FB16D42906005B43F6 /* card_4d.png */; };
		56B0B43016D42906005B43F6 /* card_4h.png in Resources */ = {isa = PBXBuildFile; fileRef = 56B0B3FC16D42906005B43F6 /* card_4h.png */; };
		56B0B43116D42906005B43F6 /* card_4s.png in Resources */ = {isa = PBXBuildFile; fileRef = 56B0B3FD16D42906005B43F6 /* card_4s.png */; };
		56B0B43216D42906005B43F6 /* card_5c.png in Resources */ = {isa = PBXBuildFile; fileRef = 56B0B3FE16D42906005B43F6 /* card_5c.png */; };
		56B0B43316D42906005B43F6 /* card_5d.png in Resources */ = {isa = PBXBuildFile; fileRef = 56B0B3FF16D42906005B43F6 /* card_5d.png */; };
		56B0B43416D42906005B43F6 /* card_5h.png in Resources */ = {isa = PBXBuildFile; fileRef = 56B0B40016D42906005B43F6 /* card_5h.png */; };
		56B0B43516D42906005B43F6 /* card_5s.png in Resources */ = {isa = PBXBuildFile; fileRef = 56B0B40116D42906005B43F6 /* card_5s.png */; };
		56B0B43616D42906005B43F6 /* card_6c.png in Resources */ = {isa = PBXBuildFile; fileRef = 56B0B40216D42906005B43F6 /* card_6c.png */; };
		56B0B43716D42906005B43F6 /* card_6d.png in Resources */ = {isa = PBXBuildFile; fileRef = 56B0B40316D42906005B43F6 /* card_6d.png */; };
		56B0B43816D42906005B43F6 /* card_6h.png in Resources */ = {isa = PBXBuildFile; fileRef = 56B0B40416D42906005B43F6 /* card_6h.png */; };
		56B0B43916D42906005B43F6 /* card_6s.png in Resources */ = {isa = PBXBuildFile; fileRef = 56B0B40516D42906005B43F6 /* card_6s.png */; };
		56B0B43A16D42906005B43F6 /* card_7c.png in Resources */ = {isa = PBXBuildFile; fileRef = 56B0B40616D42906005B43F6 /* card_7c.png */; };
		56B0B43B16D42906005B43F6 /* card_7d.png in Resources */ = {isa = PBXBuildFile; fileRef = 56B0B40716D42906005B43F6 /* card_7d.png */; };
		56B0B43C16D42906005B43F6 /* card_7h.png in Resources */ = {isa = PBXBuildFile; fileRef = 56B0B40816D42906005B43F6 /* card_7h.png */; };
		56B0B43D16D42906005B43F6 /* card_7s.png in Resources */ = {isa = PBXBuildFile; fileRef = 56B0B40916D42906005B43F6 /* card_7s.png */; };
		56B0B43E16D42906005B43F6 /* card_8c.png in Resources */ = {isa = PBXBuildFile; fileRef = 56B0B40A16D42906005B43F6 /* card_8c.png */; };
		56B0B43F16D42906005B43F6 /* card_8d.png in Resources */ = {isa = PBXBuildFile; fileRef = 56B0B40B16D42906005B43F6 /* card_8d.png */; };
		56B0B44016D42906005B43F6 /* card_8h.png in Resources */ = {isa = PBXBuildFile; fileRef = 56B0B40C16D42906005B43F6 /* card_8h.png */; };
		56B0B44116D42906005B43F6 /* card_8s.png in Resources */ = {isa = PBXBuildFile; fileRef = 56B0B40D16D42906005B43F6 /* card_8s.png */; };
		56B0B44216D42906005B43F6 /* card_9c.png in Resources */ = {isa = PBXBuildFile; fileRef = 56B0B40E16D42906005B43F6 /* card_9c.png */; };
		56B0B44316D42906005B43F6 /* card_9d.png in Resources */ = {isa = PBXBuildFile; fileRef = 56B0B40F16D42906005B43F6 /* card_9d.png */; };
		56B0B44416D42906005B43F6 /* card_9h.png in Resources */ = {isa = PBXBuildFile; fileRef = 56B0B41016D42906005B43F6 /* card_9h.png */; };
		56B0B44516D42906005B43F6 /* card_9s.png in Resources */ = {isa = PBXBuildFile; fileRef = 56B0B41116D42906005B43F6 /* card_9s.png */; };
		56B0B44616D42906005B43F6 /* card_ac.png in Resources */ = {isa = PBXBuildFile; fileRef = 56B0B41216D42906005B43F6 /* card_ac.png */; };
		56B0B44716D42906005B43F6 /* card_ad.png in Resources */ = {isa = PBXBuildFile; fileRef = 56B0B41316D42906005B43F6 /* card_ad.png */; };
		56B0B44816D42906005B43F6 /* card_ah.png in Resources */ = {isa = PBXBuildFile; fileRef = 56B0B41416D42906005B43F6 /* card_ah.png */; };
		56B0B44916D42906005B43F6 /* card_as.png in Resources */ = {isa = PBXBuildFile; fileRef = 56B0B41516D42906005B43F6 /* card_as.png */; };
		56B0B44A16D42906005B43F6 /* card_jc.png in Resources */ = {isa = PBXBuildFile; fileRef = 56B0B41616D42906005B43F6 /* card_jc.png */; };
		56B0B44B16D42906005B43F6 /* card_jd.png in Resources */ = {isa = PBXBuildFile; fileRef = 56B0B41716D42906005B43F6 /* card_jd.png */; };
		56B0B44C16D42906005B43F6 /* card_jh.png in Resources */ = {isa = PBXBuildFile; fileRef = 56B0B41816D42906005B43F6 /* card_jh.png */; };
		56B0B44D16D42906005B43F6 /* card_js.png in Resources */ = {isa = PBXBuildFile; fileRef = 56B0B41916D42906005B43F6 /* card_js.png */; };
		56B0B44E16D42906005B43F6 /* card_kc.png in Resources */ = {isa = PBXBuildFile; fileRef = 56B0B41A16D42906005B43F6 /* card_kc.png */; };
		56B0B44F16D42906005B43F6 /* card_kd.png in Resources */ = {isa = PBXBuildFile; fileRef = 56B0B41B16D42906005B43F6 /* card_kd.png */; };
		56B0B45016D42906005B43F6 /* card_kh.png in Resources */ = {isa = PBXBuildFile; fileRef = 56B0B41C16D42906005B43F6 /* card_kh.png */; };
		56B0B45116D42906005B43F6 /* card_ks.png in Resources */ = {isa = PBXBuildFile; fileRef = 56B0B41D16D42906005B43F6 /* card_ks.png */; };
		56B0B45216D42906005B43F6 /* card_qc.png in Resources */ = {isa = PBXBuildFile; fileRef = 56B0B41E16D42906005B43F6 /* card_qc.png */; };
		56B0B45316D42906005B43F6 /* card_qd.png in Resources */ = {isa = PBXBuildFile; fileRef = 56B0B41F16D42906005B43F6 /* card_qd.png */; };
		56B0B45416D42906005B43F6 /* card_qh.png in Resources */ = {isa = PBXBuildFile; fileRef = 56B0B42016D42906005B43F6 /* card_qh.png */; };
		56B0B45516D42906005B43F6 /* card_qs.png in Resources */ = {isa = PBXBuildFile; fileRef = 56B0B42116D42906005B43F6 /* card_qs.png */; };
		56B0B45616D42906005B43F6 /* card_tc.png in Resources */ = {isa = PBXBuildFile; fileRef = 56B0B42216D42906005B43F6 /* card_tc.png */; };
		56B0B45716D42906005B43F6 /* card_td.png in Resources */ = {isa = PBXBuildFile; fileRef = 56B0B42316D42906005B43F6 /* card_td.png */; };
		56B0B45816D42906005B43F6 /* card_th.png in Resources */ = {isa = PBXBuildFile; fileRef = 56B0B42416D42906005B43F6 /* card_th.png */; };
		56B0B45916D42906005B43F6 /* card_ts.png in Resources */ = {isa = PBXBuildFile; fileRef = 56B0B42516D42906005B43F6 /* card_ts.png */; };
		56B0B45E16D4555E005B43F6 /* PokerTable.png in Resources */ = {isa = PBXBuildFile; fileRef = 56B0B45D16D4555E005B43F6 /* PokerTable.png */; };
		56B0B46016D45A03005B43F6 /* table_felt.png in Resources */ = {isa = PBXBuildFile; fileRef = 56B0B45F16D45A03005B43F6 /* table_felt.png */; };
		56B0B46216D46792005B43F6 /* black_lozenge.png in Resources */ = {isa = PBXBuildFile; fileRef = 56B0B46116D46792005B43F6 /* black_lozenge.png */; };
		56B0B46416D479AA005B43F6 /* card_back3.png in Resources */ = {isa = PBXBuildFile; fileRef = 56B0B46316D479AA005B43F6 /* card_back3.png */; };
		56B0B46616D47D71005B43F6 /* HomeScreen.png in Resources */ = {isa = PBXBuildFile; fileRef = 56B0B46516D47D71005B43F6 /* HomeScreen.png */; };
		56C2868416B226DA00DEEA09 /* Game.m in Sources */ = {isa = PBXBuildFile; fileRef = 56C2868316B226DA00DEEA09 /* Game.m */; };
		56C2868C16B22DCC00DEEA09 /* Human.m in Sources */ = {isa = PBXBuildFile; fileRef = 56C2868B16B22DCC00DEEA09 /* Human.m */; };
		56D2E94616B0DF01007F3413 /* GameViewController.m in Sources */ = {isa = PBXBuildFile; fileRef = 56D2E94516B0DF01007F3413 /* GameViewController.m */; };
		56D2E95616B0E968007F3413 /* PokerHTTPClient.m in Sources */ = {isa = PBXBuildFile; fileRef = 56D2E95516B0E968007F3413 /* PokerHTTPClient.m */; };
		56F5DE6A16BF62EA000032C1 /* PlayerMove.m in Sources */ = {isa = PBXBuildFile; fileRef = 56F5DE6916BF62EA000032C1 /* PlayerMove.m */; };
		9D01B520BBE14D2F85EC1F66 /* libPods.a in Frameworks */ = {isa = PBXBuildFile; fileRef = A3CA2507CA594C6098E8D837 /* libPods.a */; };
/* End PBXBuildFile section */

/* Begin PBXFileReference section */
		4C15C74FB6FB4D089657D0A5 /* Pods.xcconfig */ = {isa = PBXFileReference; includeInIndex = 1; lastKnownFileType = text.xcconfig; name = Pods.xcconfig; path = Pods/Pods.xcconfig; sourceTree = SOURCE_ROOT; };
		5603F41E16B4B10B00064EE8 /* State.h */ = {isa = PBXFileReference; fileEncoding = 4; lastKnownFileType = sourcecode.c.h; path = State.h; sourceTree = "<group>"; };
		5603F41F16B4B10B00064EE8 /* State.m */ = {isa = PBXFileReference; fileEncoding = 4; lastKnownFileType = sourcecode.c.objc; path = State.m; sourceTree = "<group>"; };
		5603F42216B4EB9E00064EE8 /* Human.h */ = {isa = PBXFileReference; fileEncoding = 4; lastKnownFileType = sourcecode.c.h; path = Human.h; sourceTree = "<group>"; };
		5603F42316B4EBD100064EE8 /* Player.h */ = {isa = PBXFileReference; fileEncoding = 4; lastKnownFileType = sourcecode.c.h; path = Player.h; sourceTree = "<group>"; };
		5603F42416B4EBD100064EE8 /* Player.m */ = {isa = PBXFileReference; fileEncoding = 4; lastKnownFileType = sourcecode.c.objc; path = Player.m; sourceTree = "<group>"; };
		56065EFE16A3701100C4BA83 /* PokerBasic.app */ = {isa = PBXFileReference; explicitFileType = wrapper.application; includeInIndex = 0; path = PokerBasic.app; sourceTree = BUILT_PRODUCTS_DIR; };
		56065F0216A3701100C4BA83 /* UIKit.framework */ = {isa = PBXFileReference; lastKnownFileType = wrapper.framework; name = UIKit.framework; path = System/Library/Frameworks/UIKit.framework; sourceTree = SDKROOT; };
		56065F0416A3701100C4BA83 /* Foundation.framework */ = {isa = PBXFileReference; lastKnownFileType = wrapper.framework; name = Foundation.framework; path = System/Library/Frameworks/Foundation.framework; sourceTree = SDKROOT; };
		56065F0616A3701100C4BA83 /* CoreGraphics.framework */ = {isa = PBXFileReference; lastKnownFileType = wrapper.framework; name = CoreGraphics.framework; path = System/Library/Frameworks/CoreGraphics.framework; sourceTree = SDKROOT; };
		56065F0A16A3701100C4BA83 /* PokerBasic-Info.plist */ = {isa = PBXFileReference; lastKnownFileType = text.plist.xml; path = "PokerBasic-Info.plist"; sourceTree = "<group>"; };
		56065F0C16A3701100C4BA83 /* en */ = {isa = PBXFileReference; lastKnownFileType = text.plist.strings; name = en; path = en.lproj/InfoPlist.strings; sourceTree = "<group>"; };
		56065F0E16A3701100C4BA83 /* main.m */ = {isa = PBXFileReference; lastKnownFileType = sourcecode.c.objc; path = main.m; sourceTree = "<group>"; };
		56065F1016A3701100C4BA83 /* PokerBasic-Prefix.pch */ = {isa = PBXFileReference; lastKnownFileType = sourcecode.c.h; path = "PokerBasic-Prefix.pch"; sourceTree = "<group>"; };
		56065F1116A3701100C4BA83 /* PokerBasicAppDelegate.h */ = {isa = PBXFileReference; lastKnownFileType = sourcecode.c.h; path = PokerBasicAppDelegate.h; sourceTree = "<group>"; };
		56065F1216A3701100C4BA83 /* PokerBasicAppDelegate.m */ = {isa = PBXFileReference; lastKnownFileType = sourcecode.c.objc; path = PokerBasicAppDelegate.m; sourceTree = "<group>"; };
		56065F1416A3701100C4BA83 /* Default.png */ = {isa = PBXFileReference; lastKnownFileType = image.png; path = Default.png; sourceTree = "<group>"; };
		56065F1616A3701100C4BA83 /* Default@2x.png */ = {isa = PBXFileReference; lastKnownFileType = image.png; path = "Default@2x.png"; sourceTree = "<group>"; };
		56065F1816A3701100C4BA83 /* Default-568h@2x.png */ = {isa = PBXFileReference; lastKnownFileType = image.png; path = "Default-568h@2x.png"; sourceTree = "<group>"; };
		56065F1B16A3701100C4BA83 /* en */ = {isa = PBXFileReference; lastKnownFileType = file.storyboard; name = en; path = en.lproj/MainStoryboard.storyboard; sourceTree = "<group>"; };
		56065F1D16A3701100C4BA83 /* LoginViewController.h */ = {isa = PBXFileReference; lastKnownFileType = sourcecode.c.h; path = LoginViewController.h; sourceTree = "<group>"; };
		56065F1E16A3701100C4BA83 /* LoginViewController.m */ = {isa = PBXFileReference; lastKnownFileType = sourcecode.c.objc; path = LoginViewController.m; sourceTree = "<group>"; };
		562C9CF716BB6121004C15BF /* blackChip.png */ = {isa = PBXFileReference; lastKnownFileType = image.png; path = blackChip.png; sourceTree = "<group>"; };
		562C9CF816BB6121004C15BF /* dealer_button.png */ = {isa = PBXFileReference; lastKnownFileType = image.png; path = dealer_button.png; sourceTree = "<group>"; };
		562C9CF916BB6121004C15BF /* pot_background2.png */ = {isa = PBXFileReference; lastKnownFileType = image.png; path = pot_background2.png; sourceTree = "<group>"; };
		562C9CFA16BB6121004C15BF /* redChip.png */ = {isa = PBXFileReference; lastKnownFileType = image.png; path = redChip.png; sourceTree = "<group>"; };
		562C9CFD16BB6121004C15BF /* poker_table.png */ = {isa = PBXFileReference; lastKnownFileType = image.png; path = poker_table.png; sourceTree = "<group>"; };
		562C9D3916BB6180004C15BF /* PokerTableView.h */ = {isa = PBXFileReference; fileEncoding = 4; lastKnownFileType = sourcecode.c.h; path = PokerTableView.h; sourceTree = "<group>"; };
		562C9D3A16BB6180004C15BF /* PokerTableView.m */ = {isa = PBXFileReference; fileEncoding = 4; lastKnownFileType = sourcecode.c.objc; path = PokerTableView.m; sourceTree = "<group>"; };
		562C9D3C16BB646C004C15BF /* Bot.h */ = {isa = PBXFileReference; fileEncoding = 4; lastKnownFileType = sourcecode.c.h; path = Bot.h; sourceTree = "<group>"; };
		562C9D3D16BB6474004C15BF /* Bot.m */ = {isa = PBXFileReference; fileEncoding = 4; lastKnownFileType = sourcecode.c.objc; path = Bot.m; sourceTree = "<group>"; };
		56AA894616D1B36200B181B5 /* fileclose.png */ = {isa = PBXFileReference; lastKnownFileType = image.png; name = fileclose.png; path = ../fileclose.png; sourceTree = "<group>"; };
		56AA894816D1B5B300B181B5 /* close.png */ = {isa = PBXFileReference; lastKnownFileType = image.png; name = close.png; path = ../close.png; sourceTree = "<group>"; };
		56B0B3F216D42906005B43F6 /* card_2c.png */ = {isa = PBXFileReference; lastKnownFileType = image.png; path = card_2c.png; sourceTree = "<group>"; };
		56B0B3F316D42906005B43F6 /* card_2d.png */ = {isa = PBXFileReference; lastKnownFileType = image.png; path = card_2d.png; sourceTree = "<group>"; };
		56B0B3F416D42906005B43F6 /* card_2h.png */ = {isa = PBXFileReference; lastKnownFileType = image.png; path = card_2h.png; sourceTree = "<group>"; };
		56B0B3F516D42906005B43F6 /* card_2s.png */ = {isa = PBXFileReference; lastKnownFileType = image.png; path = card_2s.png; sourceTree = "<group>"; };
		56B0B3F616D42906005B43F6 /* card_3c.png */ = {isa = PBXFileReference; lastKnownFileType = image.png; path = card_3c.png; sourceTree = "<group>"; };
		56B0B3F716D42906005B43F6 /* card_3d.png */ = {isa = PBXFileReference; lastKnownFileType = image.png; path = card_3d.png; sourceTree = "<group>"; };
		56B0B3F816D42906005B43F6 /* card_3h.png */ = {isa = PBXFileReference; lastKnownFileType = image.png; path = card_3h.png; sourceTree = "<group>"; };
		56B0B3F916D42906005B43F6 /* card_3s.png */ = {isa = PBXFileReference; lastKnownFileType = image.png; path = card_3s.png; sourceTree = "<group>"; };
		56B0B3FA16D42906005B43F6 /* card_4c.png */ = {isa = PBXFileReference; lastKnownFileType = image.png; path = card_4c.png; sourceTree = "<group>"; };
		56B0B3FB16D42906005B43F6 /* card_4d.png */ = {isa = PBXFileReference; lastKnownFileType = image.png; path = card_4d.png; sourceTree = "<group>"; };
		56B0B3FC16D42906005B43F6 /* card_4h.png */ = {isa = PBXFileReference; lastKnownFileType = image.png; path = card_4h.png; sourceTree = "<group>"; };
		56B0B3FD16D42906005B43F6 /* card_4s.png */ = {isa = PBXFileReference; lastKnownFileType = image.png; path = card_4s.png; sourceTree = "<group>"; };
		56B0B3FE16D42906005B43F6 /* card_5c.png */ = {isa = PBXFileReference; lastKnownFileType = image.png; path = card_5c.png; sourceTree = "<group>"; };
		56B0B3FF16D42906005B43F6 /* card_5d.png */ = {isa = PBXFileReference; lastKnownFileType = image.png; path = card_5d.png; sourceTree = "<group>"; };
		56B0B40016D42906005B43F6 /* card_5h.png */ = {isa = PBXFileReference; lastKnownFileType = image.png; path = card_5h.png; sourceTree = "<group>"; };
		56B0B40116D42906005B43F6 /* card_5s.png */ = {isa = PBXFileReference; lastKnownFileType = image.png; path = card_5s.png; sourceTree = "<group>"; };
		56B0B40216D42906005B43F6 /* card_6c.png */ = {isa = PBXFileReference; lastKnownFileType = image.png; path = card_6c.png; sourceTree = "<group>"; };
		56B0B40316D42906005B43F6 /* card_6d.png */ = {isa = PBXFileReference; lastKnownFileType = image.png; path = card_6d.png; sourceTree = "<group>"; };
		56B0B40416D42906005B43F6 /* card_6h.png */ = {isa = PBXFileReference; lastKnownFileType = image.png; path = card_6h.png; sourceTree = "<group>"; };
		56B0B40516D42906005B43F6 /* card_6s.png */ = {isa = PBXFileReference; lastKnownFileType = image.png; path = card_6s.png; sourceTree = "<group>"; };
		56B0B40616D42906005B43F6 /* card_7c.png */ = {isa = PBXFileReference; lastKnownFileType = image.png; path = card_7c.png; sourceTree = "<group>"; };
		56B0B40716D42906005B43F6 /* card_7d.png */ = {isa = PBXFileReference; lastKnownFileType = image.png; path = card_7d.png; sourceTree = "<group>"; };
		56B0B40816D42906005B43F6 /* card_7h.png */ = {isa = PBXFileReference; lastKnownFileType = image.png; path = card_7h.png; sourceTree = "<group>"; };
		56B0B40916D42906005B43F6 /* card_7s.png */ = {isa = PBXFileReference; lastKnownFileType = image.png; path = card_7s.png; sourceTree = "<group>"; };
		56B0B40A16D42906005B43F6 /* card_8c.png */ = {isa = PBXFileReference; lastKnownFileType = image.png; path = card_8c.png; sourceTree = "<group>"; };
		56B0B40B16D42906005B43F6 /* card_8d.png */ = {isa = PBXFileReference; lastKnownFileType = image.png; path = card_8d.png; sourceTree = "<group>"; };
		56B0B40C16D42906005B43F6 /* card_8h.png */ = {isa = PBXFileReference; lastKnownFileType = image.png; path = card_8h.png; sourceTree = "<group>"; };
		56B0B40D16D42906005B43F6 /* card_8s.png */ = {isa = PBXFileReference; lastKnownFileType = image.png; path = card_8s.png; sourceTree = "<group>"; };
		56B0B40E16D42906005B43F6 /* card_9c.png */ = {isa = PBXFileReference; lastKnownFileType = image.png; path = card_9c.png; sourceTree = "<group>"; };
		56B0B40F16D42906005B43F6 /* card_9d.png */ = {isa = PBXFileReference; lastKnownFileType = image.png; path = card_9d.png; sourceTree = "<group>"; };
		56B0B41016D42906005B43F6 /* card_9h.png */ = {isa = PBXFileReference; lastKnownFileType = image.png; path = card_9h.png; sourceTree = "<group>"; };
		56B0B41116D42906005B43F6 /* card_9s.png */ = {isa = PBXFileReference; lastKnownFileType = image.png; path = card_9s.png; sourceTree = "<group>"; };
		56B0B41216D42906005B43F6 /* card_ac.png */ = {isa = PBXFileReference; lastKnownFileType = image.png; path = card_ac.png; sourceTree = "<group>"; };
		56B0B41316D42906005B43F6 /* card_ad.png */ = {isa = PBXFileReference; lastKnownFileType = image.png; path = card_ad.png; sourceTree = "<group>"; };
		56B0B41416D42906005B43F6 /* card_ah.png */ = {isa = PBXFileReference; lastKnownFileType = image.png; path = card_ah.png; sourceTree = "<group>"; };
		56B0B41516D42906005B43F6 /* card_as.png */ = {isa = PBXFileReference; lastKnownFileType = image.png; path = card_as.png; sourceTree = "<group>"; };
		56B0B41616D42906005B43F6 /* card_jc.png */ = {isa = PBXFileReference; lastKnownFileType = image.png; path = card_jc.png; sourceTree = "<group>"; };
		56B0B41716D42906005B43F6 /* card_jd.png */ = {isa = PBXFileReference; lastKnownFileType = image.png; path = card_jd.png; sourceTree = "<group>"; };
		56B0B41816D42906005B43F6 /* card_jh.png */ = {isa = PBXFileReference; lastKnownFileType = image.png; path = card_jh.png; sourceTree = "<group>"; };
		56B0B41916D42906005B43F6 /* card_js.png */ = {isa = PBXFileReference; lastKnownFileType = image.png; path = card_js.png; sourceTree = "<group>"; };
		56B0B41A16D42906005B43F6 /* card_kc.png */ = {isa = PBXFileReference; lastKnownFileType = image.png; path = card_kc.png; sourceTree = "<group>"; };
		56B0B41B16D42906005B43F6 /* card_kd.png */ = {isa = PBXFileReference; lastKnownFileType = image.png; path = card_kd.png; sourceTree = "<group>"; };
		56B0B41C16D42906005B43F6 /* card_kh.png */ = {isa = PBXFileReference; lastKnownFileType = image.png; path = card_kh.png; sourceTree = "<group>"; };
		56B0B41D16D42906005B43F6 /* card_ks.png */ = {isa = PBXFileReference; lastKnownFileType = image.png; path = card_ks.png; sourceTree = "<group>"; };
		56B0B41E16D42906005B43F6 /* card_qc.png */ = {isa = PBXFileReference; lastKnownFileType = image.png; path = card_qc.png; sourceTree = "<group>"; };
		56B0B41F16D42906005B43F6 /* card_qd.png */ = {isa = PBXFileReference; lastKnownFileType = image.png; path = card_qd.png; sourceTree = "<group>"; };
		56B0B42016D42906005B43F6 /* card_qh.png */ = {isa = PBXFileReference; lastKnownFileType = image.png; path = card_qh.png; sourceTree = "<group>"; };
		56B0B42116D42906005B43F6 /* card_qs.png */ = {isa = PBXFileReference; lastKnownFileType = image.png; path = card_qs.png; sourceTree = "<group>"; };
		56B0B42216D42906005B43F6 /* card_tc.png */ = {isa = PBXFileReference; lastKnownFileType = image.png; path = card_tc.png; sourceTree = "<group>"; };
		56B0B42316D42906005B43F6 /* card_td.png */ = {isa = PBXFileReference; lastKnownFileType = image.png; path = card_td.png; sourceTree = "<group>"; };
		56B0B42416D42906005B43F6 /* card_th.png */ = {isa = PBXFileReference; lastKnownFileType = image.png; path = card_th.png; sourceTree = "<group>"; };
		56B0B42516D42906005B43F6 /* card_ts.png */ = {isa = PBXFileReference; lastKnownFileType = image.png; path = card_ts.png; sourceTree = "<group>"; };
		56B0B45D16D4555E005B43F6 /* PokerTable.png */ = {isa = PBXFileReference; lastKnownFileType = image.png; path = PokerTable.png; sourceTree = "<group>"; };
		56B0B45F16D45A03005B43F6 /* table_felt.png */ = {isa = PBXFileReference; lastKnownFileType = image.png; path = table_felt.png; sourceTree = "<group>"; };
		56B0B46116D46792005B43F6 /* black_lozenge.png */ = {isa = PBXFileReference; lastKnownFileType = image.png; path = black_lozenge.png; sourceTree = "<group>"; };
		56B0B46316D479AA005B43F6 /* card_back3.png */ = {isa = PBXFileReference; lastKnownFileType = image.png; name = card_back3.png; path = ../card_back3.png; sourceTree = "<group>"; };
		56B0B46516D47D71005B43F6 /* HomeScreen.png */ = {isa = PBXFileReference; lastKnownFileType = image.png; name = HomeScreen.png; path = ../HomeScreen.png; sourceTree = "<group>"; };
		56C2868216B226DA00DEEA09 /* Game.h */ = {isa = PBXFileReference; fileEncoding = 4; lastKnownFileType = sourcecode.c.h; path = Game.h; sourceTree = "<group>"; };
		56C2868316B226DA00DEEA09 /* Game.m */ = {isa = PBXFileReference; fileEncoding = 4; lastKnownFileType = sourcecode.c.objc; path = Game.m; sourceTree = "<group>"; };
		56C2868B16B22DCC00DEEA09 /* Human.m */ = {isa = PBXFileReference; fileEncoding = 4; lastKnownFileType = sourcecode.c.objc; path = Human.m; sourceTree = "<group>"; };
		56D2E94416B0DF01007F3413 /* GameViewController.h */ = {isa = PBXFileReference; fileEncoding = 4; lastKnownFileType = sourcecode.c.h; path = GameViewController.h; sourceTree = "<group>"; };
		56D2E94516B0DF01007F3413 /* GameViewController.m */ = {isa = PBXFileReference; fileEncoding = 4; lastKnownFileType = sourcecode.c.objc; path = GameViewController.m; sourceTree = "<group>"; };
		56D2E95416B0E968007F3413 /* PokerHTTPClient.h */ = {isa = PBXFileReference; fileEncoding = 4; lastKnownFileType = sourcecode.c.h; path = PokerHTTPClient.h; sourceTree = "<group>"; };
		56D2E95516B0E968007F3413 /* PokerHTTPClient.m */ = {isa = PBXFileReference; fileEncoding = 4; lastKnownFileType = sourcecode.c.objc; path = PokerHTTPClient.m; sourceTree = "<group>"; };
		56F5DE6816BF62EA000032C1 /* PlayerMove.h */ = {isa = PBXFileReference; fileEncoding = 4; lastKnownFileType = sourcecode.c.h; path = PlayerMove.h; sourceTree = "<group>"; };
		56F5DE6916BF62EA000032C1 /* PlayerMove.m */ = {isa = PBXFileReference; fileEncoding = 4; lastKnownFileType = sourcecode.c.objc; path = PlayerMove.m; sourceTree = "<group>"; };
		A3CA2507CA594C6098E8D837 /* libPods.a */ = {isa = PBXFileReference; explicitFileType = archive.ar; includeInIndex = 0; path = libPods.a; sourceTree = BUILT_PRODUCTS_DIR; };
/* End PBXFileReference section */

/* Begin PBXFrameworksBuildPhase section */
		56065EFB16A3701100C4BA83 /* Frameworks */ = {
			isa = PBXFrameworksBuildPhase;
			buildActionMask = 2147483647;
			files = (
				56065F0316A3701100C4BA83 /* UIKit.framework in Frameworks */,
				56065F0516A3701100C4BA83 /* Foundation.framework in Frameworks */,
				56065F0716A3701100C4BA83 /* CoreGraphics.framework in Frameworks */,
				9D01B520BBE14D2F85EC1F66 /* libPods.a in Frameworks */,
			);
			runOnlyForDeploymentPostprocessing = 0;
		};
/* End PBXFrameworksBuildPhase section */

/* Begin PBXGroup section */
		56065EF316A3701100C4BA83 = {
			isa = PBXGroup;
			children = (
				56D2E95F16B0F423007F3413 /* Networking Extensions */,
				56065F0816A3701100C4BA83 /* PokerBasic */,
				56065F0116A3701100C4BA83 /* Frameworks */,
				56065EFF16A3701100C4BA83 /* Products */,
				4C15C74FB6FB4D089657D0A5 /* Pods.xcconfig */,
			);
			sourceTree = "<group>";
		};
		56065EFF16A3701100C4BA83 /* Products */ = {
			isa = PBXGroup;
			children = (
				56065EFE16A3701100C4BA83 /* PokerBasic.app */,
			);
			name = Products;
			sourceTree = "<group>";
		};
		56065F0116A3701100C4BA83 /* Frameworks */ = {
			isa = PBXGroup;
			children = (
				56065F0216A3701100C4BA83 /* UIKit.framework */,
				56065F0416A3701100C4BA83 /* Foundation.framework */,
				56065F0616A3701100C4BA83 /* CoreGraphics.framework */,
				A3CA2507CA594C6098E8D837 /* libPods.a */,
			);
			name = Frameworks;
			sourceTree = "<group>";
		};
		56065F0816A3701100C4BA83 /* PokerBasic */ = {
			isa = PBXGroup;
			children = (
				56C2868016B2257C00DEEA09 /* Classes */,
				562C9CB416BB6121004C15BF /* Graphics */,
				56065F1116A3701100C4BA83 /* PokerBasicAppDelegate.h */,
				56065F1216A3701100C4BA83 /* PokerBasicAppDelegate.m */,
				56065F1A16A3701100C4BA83 /* MainStoryboard.storyboard */,
				56065F1D16A3701100C4BA83 /* LoginViewController.h */,
				56065F1E16A3701100C4BA83 /* LoginViewController.m */,
				56A58B9216BF3F8E005D3B54 /* Poker Table */,
				56065F0916A3701100C4BA83 /* Supporting Files */,
			);
			path = PokerBasic;
			sourceTree = "<group>";
		};
		56065F0916A3701100C4BA83 /* Supporting Files */ = {
			isa = PBXGroup;
			children = (
				56065F0A16A3701100C4BA83 /* PokerBasic-Info.plist */,
				56065F0B16A3701100C4BA83 /* InfoPlist.strings */,
				56065F0E16A3701100C4BA83 /* main.m */,
				56065F1016A3701100C4BA83 /* PokerBasic-Prefix.pch */,
				56065F1416A3701100C4BA83 /* Default.png */,
				56065F1616A3701100C4BA83 /* Default@2x.png */,
				56065F1816A3701100C4BA83 /* Default-568h@2x.png */,
			);
			name = "Supporting Files";
			sourceTree = "<group>";
		};
		562C9CB416BB6121004C15BF /* Graphics */ = {
			isa = PBXGroup;
			children = (
				56B0B46516D47D71005B43F6 /* HomeScreen.png */,
				56B0B46116D46792005B43F6 /* black_lozenge.png */,
				56AA894616D1B36200B181B5 /* fileclose.png */,
				56AA894816D1B5B300B181B5 /* close.png */,
				56B0B3F116D42906005B43F6 /* Cards_HiDP_WithGradient */,
				562C9CF516BB6121004C15BF /* Chips */,
				562C9CFB16BB6121004C15BF /* Table */,
			);
			name = Graphics;
			path = PS;
			sourceTree = "<group>";
		};
		562C9CF516BB6121004C15BF /* Chips */ = {
			isa = PBXGroup;
			children = (
				562C9CF616BB6121004C15BF /* HiDP */,
			);
			path = Chips;
			sourceTree = "<group>";
		};
		562C9CF616BB6121004C15BF /* HiDP */ = {
			isa = PBXGroup;
			children = (
				562C9CF716BB6121004C15BF /* blackChip.png */,
				562C9CF816BB6121004C15BF /* dealer_button.png */,
				562C9CF916BB6121004C15BF /* pot_background2.png */,
				562C9CFA16BB6121004C15BF /* redChip.png */,
			);
			path = HiDP;
			sourceTree = "<group>";
		};
		562C9CFB16BB6121004C15BF /* Table */ = {
			isa = PBXGroup;
			children = (
				56B0B45F16D45A03005B43F6 /* table_felt.png */,
				56B0B45D16D4555E005B43F6 /* PokerTable.png */,
				562C9CFC16BB6121004C15BF /* HiDP */,
			);
			path = Table;
			sourceTree = "<group>";
		};
		562C9CFC16BB6121004C15BF /* HiDP */ = {
			isa = PBXGroup;
			children = (
				562C9CFD16BB6121004C15BF /* poker_table.png */,
			);
			path = HiDP;
			sourceTree = "<group>";
		};
		56A58B9216BF3F8E005D3B54 /* Poker Table */ = {
			isa = PBXGroup;
			children = (
				56F5DE6816BF62EA000032C1 /* PlayerMove.h */,
				56F5DE6916BF62EA000032C1 /* PlayerMove.m */,
				56D2E94416B0DF01007F3413 /* GameViewController.h */,
				56D2E94516B0DF01007F3413 /* GameViewController.m */,
				562C9D3916BB6180004C15BF /* PokerTableView.h */,
				562C9D3A16BB6180004C15BF /* PokerTableView.m */,
			);
			name = "Poker Table";
			sourceTree = "<group>";
		};
		56B0B3F116D42906005B43F6 /* Cards_HiDP_WithGradient */ = {
			isa = PBXGroup;
			children = (
				56B0B46316D479AA005B43F6 /* card_back3.png */,
				56B0B3F216D42906005B43F6 /* card_2c.png */,
				56B0B3F316D42906005B43F6 /* card_2d.png */,
				56B0B3F416D42906005B43F6 /* card_2h.png */,
				56B0B3F516D42906005B43F6 /* card_2s.png */,
				56B0B3F616D42906005B43F6 /* card_3c.png */,
				56B0B3F716D42906005B43F6 /* card_3d.png */,
				56B0B3F816D42906005B43F6 /* card_3h.png */,
				56B0B3F916D42906005B43F6 /* card_3s.png */,
				56B0B3FA16D42906005B43F6 /* card_4c.png */,
				56B0B3FB16D42906005B43F6 /* card_4d.png */,
				56B0B3FC16D42906005B43F6 /* card_4h.png */,
				56B0B3FD16D42906005B43F6 /* card_4s.png */,
				56B0B3FE16D42906005B43F6 /* card_5c.png */,
				56B0B3FF16D42906005B43F6 /* card_5d.png */,
				56B0B40016D42906005B43F6 /* card_5h.png */,
				56B0B40116D42906005B43F6 /* card_5s.png */,
				56B0B40216D42906005B43F6 /* card_6c.png */,
				56B0B40316D42906005B43F6 /* card_6d.png */,
				56B0B40416D42906005B43F6 /* card_6h.png */,
				56B0B40516D42906005B43F6 /* card_6s.png */,
				56B0B40616D42906005B43F6 /* card_7c.png */,
				56B0B40716D42906005B43F6 /* card_7d.png */,
				56B0B40816D42906005B43F6 /* card_7h.png */,
				56B0B40916D42906005B43F6 /* card_7s.png */,
				56B0B40A16D42906005B43F6 /* card_8c.png */,
				56B0B40B16D42906005B43F6 /* card_8d.png */,
				56B0B40C16D42906005B43F6 /* card_8h.png */,
				56B0B40D16D42906005B43F6 /* card_8s.png */,
				56B0B40E16D42906005B43F6 /* card_9c.png */,
				56B0B40F16D42906005B43F6 /* card_9d.png */,
				56B0B41016D42906005B43F6 /* card_9h.png */,
				56B0B41116D42906005B43F6 /* card_9s.png */,
				56B0B41216D42906005B43F6 /* card_ac.png */,
				56B0B41316D42906005B43F6 /* card_ad.png */,
				56B0B41416D42906005B43F6 /* card_ah.png */,
				56B0B41516D42906005B43F6 /* card_as.png */,
				56B0B41616D42906005B43F6 /* card_jc.png */,
				56B0B41716D42906005B43F6 /* card_jd.png */,
				56B0B41816D42906005B43F6 /* card_jh.png */,
				56B0B41916D42906005B43F6 /* card_js.png */,
				56B0B41A16D42906005B43F6 /* card_kc.png */,
				56B0B41B16D42906005B43F6 /* card_kd.png */,
				56B0B41C16D42906005B43F6 /* card_kh.png */,
				56B0B41D16D42906005B43F6 /* card_ks.png */,
				56B0B41E16D42906005B43F6 /* card_qc.png */,
				56B0B41F16D42906005B43F6 /* card_qd.png */,
				56B0B42016D42906005B43F6 /* card_qh.png */,
				56B0B42116D42906005B43F6 /* card_qs.png */,
				56B0B42216D42906005B43F6 /* card_tc.png */,
				56B0B42316D42906005B43F6 /* card_td.png */,
				56B0B42416D42906005B43F6 /* card_th.png */,
				56B0B42516D42906005B43F6 /* card_ts.png */,
			);
			path = Cards_HiDP_WithGradient;
			sourceTree = "<group>";
		};
		56C2868016B2257C00DEEA09 /* Classes */ = {
			isa = PBXGroup;
			children = (
				5603F41E16B4B10B00064EE8 /* State.h */,
				5603F41F16B4B10B00064EE8 /* State.m */,
				562C9D3C16BB646C004C15BF /* Bot.h */,
				562C9D3D16BB6474004C15BF /* Bot.m */,
				5603F42216B4EB9E00064EE8 /* Human.h */,
				56C2868B16B22DCC00DEEA09 /* Human.m */,
				56C2868216B226DA00DEEA09 /* Game.h */,
				56C2868316B226DA00DEEA09 /* Game.m */,
				5603F42316B4EBD100064EE8 /* Player.h */,
				5603F42416B4EBD100064EE8 /* Player.m */,
			);
			name = Classes;
			sourceTree = "<group>";
		};
		56D2E95F16B0F423007F3413 /* Networking Extensions */ = {
			isa = PBXGroup;
			children = (
				56D2E95416B0E968007F3413 /* PokerHTTPClient.h */,
				56D2E95516B0E968007F3413 /* PokerHTTPClient.m */,
			);
			name = "Networking Extensions";
			path = PokerBasic;
			sourceTree = "<group>";
		};
/* End PBXGroup section */

/* Begin PBXNativeTarget section */
		56065EFD16A3701100C4BA83 /* PokerBasic */ = {
			isa = PBXNativeTarget;
			buildConfigurationList = 56065F2216A3701100C4BA83 /* Build configuration list for PBXNativeTarget "PokerBasic" */;
			buildPhases = (
				56065EFA16A3701100C4BA83 /* Sources */,
				56065EFB16A3701100C4BA83 /* Frameworks */,
				56065EFC16A3701100C4BA83 /* Resources */,
				8A2228A21EF74A7584380478 /* Copy Pods Resources */,
			);
			buildRules = (
			);
			dependencies = (
			);
			name = PokerBasic;
			productName = PokerBasic;
			productReference = 56065EFE16A3701100C4BA83 /* PokerBasic.app */;
			productType = "com.apple.product-type.application";
		};
/* End PBXNativeTarget section */

/* Begin PBXProject section */
		56065EF516A3701100C4BA83 /* Project object */ = {
			isa = PBXProject;
			attributes = {
				CLASSPREFIX = PokerBasic;
				LastUpgradeCheck = 0450;
			};
			buildConfigurationList = 56065EF816A3701100C4BA83 /* Build configuration list for PBXProject "PokerBasic" */;
			compatibilityVersion = "Xcode 3.2";
			developmentRegion = English;
			hasScannedForEncodings = 0;
			knownRegions = (
				en,
			);
			mainGroup = 56065EF316A3701100C4BA83;
			productRefGroup = 56065EFF16A3701100C4BA83 /* Products */;
			projectDirPath = "";
			projectRoot = "";
			targets = (
				56065EFD16A3701100C4BA83 /* PokerBasic */,
			);
		};
/* End PBXProject section */

/* Begin PBXResourcesBuildPhase section */
		56065EFC16A3701100C4BA83 /* Resources */ = {
			isa = PBXResourcesBuildPhase;
			buildActionMask = 2147483647;
			files = (
				56065F0D16A3701100C4BA83 /* InfoPlist.strings in Resources */,
				56065F1516A3701100C4BA83 /* Default.png in Resources */,
				56065F1716A3701100C4BA83 /* Default@2x.png in Resources */,
				56065F1916A3701100C4BA83 /* Default-568h@2x.png in Resources */,
				56065F1C16A3701100C4BA83 /* MainStoryboard.storyboard in Resources */,
				562C9D3316BB6121004C15BF /* blackChip.png in Resources */,
				562C9D3416BB6121004C15BF /* dealer_button.png in Resources */,
				562C9D3516BB6121004C15BF /* pot_background2.png in Resources */,
				562C9D3616BB6121004C15BF /* redChip.png in Resources */,
				562C9D3716BB6121004C15BF /* poker_table.png in Resources */,
				56AA894716D1B36200B181B5 /* fileclose.png in Resources */,
				56AA894916D1B5B300B181B5 /* close.png in Resources */,
				56B0B42616D42906005B43F6 /* card_2c.png in Resources */,
				56B0B42716D42906005B43F6 /* card_2d.png in Resources */,
				56B0B42816D42906005B43F6 /* card_2h.png in Resources */,
				56B0B42916D42906005B43F6 /* card_2s.png in Resources */,
				56B0B42A16D42906005B43F6 /* card_3c.png in Resources */,
				56B0B42B16D42906005B43F6 /* card_3d.png in Resources */,
				56B0B42C16D42906005B43F6 /* card_3h.png in Resources */,
				56B0B42D16D42906005B43F6 /* card_3s.png in Resources */,
				56B0B42E16D42906005B43F6 /* card_4c.png in Resources */,
				56B0B42F16D42906005B43F6 /* card_4d.png in Resources */,
				56B0B43016D42906005B43F6 /* card_4h.png in Resources */,
				56B0B43116D42906005B43F6 /* card_4s.png in Resources */,
				56B0B43216D42906005B43F6 /* card_5c.png in Resources */,
				56B0B43316D42906005B43F6 /* card_5d.png in Resources */,
				56B0B43416D42906005B43F6 /* card_5h.png in Resources */,
				56B0B43516D42906005B43F6 /* card_5s.png in Resources */,
				56B0B43616D42906005B43F6 /* card_6c.png in Resources */,
				56B0B43716D42906005B43F6 /* card_6d.png in Resources */,
				56B0B43816D42906005B43F6 /* card_6h.png in Resources */,
				56B0B43916D42906005B43F6 /* card_6s.png in Resources */,
				56B0B43A16D42906005B43F6 /* card_7c.png in Resources */,
				56B0B43B16D42906005B43F6 /* card_7d.png in Resources */,
				56B0B43C16D42906005B43F6 /* card_7h.png in Resources */,
				56B0B43D16D42906005B43F6 /* card_7s.png in Resources */,
				56B0B43E16D42906005B43F6 /* card_8c.png in Resources */,
				56B0B43F16D42906005B43F6 /* card_8d.png in Resources */,
				56B0B44016D42906005B43F6 /* card_8h.png in Resources */,
				56B0B44116D42906005B43F6 /* card_8s.png in Resources */,
				56B0B44216D42906005B43F6 /* card_9c.png in Resources */,
				56B0B44316D42906005B43F6 /* card_9d.png in Resources */,
				56B0B44416D42906005B43F6 /* card_9h.png in Resources */,
				56B0B44516D42906005B43F6 /* card_9s.png in Resources */,
				56B0B44616D42906005B43F6 /* card_ac.png in Resources */,
				56B0B44716D42906005B43F6 /* card_ad.png in Resources */,
				56B0B44816D42906005B43F6 /* card_ah.png in Resources */,
				56B0B44916D42906005B43F6 /* card_as.png in Resources */,
				56B0B44A16D42906005B43F6 /* card_jc.png in Resources */,
				56B0B44B16D42906005B43F6 /* card_jd.png in Resources */,
				56B0B44C16D42906005B43F6 /* card_jh.png in Resources */,
				56B0B44D16D42906005B43F6 /* card_js.png in Resources */,
				56B0B44E16D42906005B43F6 /* card_kc.png in Resources */,
				56B0B44F16D42906005B43F6 /* card_kd.png in Resources */,
				56B0B45016D42906005B43F6 /* card_kh.png in Resources */,
				56B0B45116D42906005B43F6 /* card_ks.png in Resources */,
				56B0B45216D42906005B43F6 /* card_qc.png in Resources */,
				56B0B45316D42906005B43F6 /* card_qd.png in Resources */,
				56B0B45416D42906005B43F6 /* card_qh.png in Resources */,
				56B0B45516D42906005B43F6 /* card_qs.png in Resources */,
				56B0B45616D42906005B43F6 /* card_tc.png in Resources */,
				56B0B45716D42906005B43F6 /* card_td.png in Resources */,
				56B0B45816D42906005B43F6 /* card_th.png in Resources */,
				56B0B45916D42906005B43F6 /* card_ts.png in Resources */,
				56B0B45E16D4555E005B43F6 /* PokerTable.png in Resources */,
				56B0B46016D45A03005B43F6 /* table_felt.png in Resources */,
				56B0B46216D46792005B43F6 /* black_lozenge.png in Resources */,
				56B0B46416D479AA005B43F6 /* card_back3.png in Resources */,
				56B0B46616D47D71005B43F6 /* HomeScreen.png in Resources */,
			);
			runOnlyForDeploymentPostprocessing = 0;
		};
/* End PBXResourcesBuildPhase section */

/* Begin PBXShellScriptBuildPhase section */
		8A2228A21EF74A7584380478 /* Copy Pods Resources */ = {
			isa = PBXShellScriptBuildPhase;
			buildActionMask = 2147483647;
			files = (
			);
			inputPaths = (
			);
			name = "Copy Pods Resources";
			outputPaths = (
			);
			runOnlyForDeploymentPostprocessing = 0;
			shellPath = /bin/sh;
			shellScript = "\"${SRCROOT}/Pods/Pods-resources.sh\"\n";
		};
/* End PBXShellScriptBuildPhase section */

/* Begin PBXSourcesBuildPhase section */
		56065EFA16A3701100C4BA83 /* Sources */ = {
			isa = PBXSourcesBuildPhase;
			buildActionMask = 2147483647;
			files = (
				56065F0F16A3701100C4BA83 /* main.m in Sources */,
				56065F1316A3701100C4BA83 /* PokerBasicAppDelegate.m in Sources */,
				56065F1F16A3701100C4BA83 /* LoginViewController.m in Sources */,
				56D2E94616B0DF01007F3413 /* GameViewController.m in Sources */,
				56D2E95616B0E968007F3413 /* PokerHTTPClient.m in Sources */,
				56C2868416B226DA00DEEA09 /* Game.m in Sources */,
				56C2868C16B22DCC00DEEA09 /* Human.m in Sources */,
				5603F42016B4B10B00064EE8 /* State.m in Sources */,
				5603F42516B4EBD100064EE8 /* Player.m in Sources */,
				562C9D3B16BB6180004C15BF /* PokerTableView.m in Sources */,
				562C9D3E16BB6474004C15BF /* Bot.m in Sources */,
				56F5DE6A16BF62EA000032C1 /* PlayerMove.m in Sources */,
			);
			runOnlyForDeploymentPostprocessing = 0;
		};
/* End PBXSourcesBuildPhase section */

/* Begin PBXVariantGroup section */
		56065F0B16A3701100C4BA83 /* InfoPlist.strings */ = {
			isa = PBXVariantGroup;
			children = (
				56065F0C16A3701100C4BA83 /* en */,
			);
			name = InfoPlist.strings;
			sourceTree = "<group>";
		};
		56065F1A16A3701100C4BA83 /* MainStoryboard.storyboard */ = {
			isa = PBXVariantGroup;
			children = (
				56065F1B16A3701100C4BA83 /* en */,
			);
			name = MainStoryboard.storyboard;
			sourceTree = "<group>";
		};
/* End PBXVariantGroup section */

/* Begin XCBuildConfiguration section */
		56065F2016A3701100C4BA83 /* Debug */ = {
			isa = XCBuildConfiguration;
			buildSettings = {
				ALWAYS_SEARCH_USER_PATHS = NO;
				CLANG_CXX_LANGUAGE_STANDARD = "gnu++0x";
				CLANG_CXX_LIBRARY = "libc++";
				CLANG_ENABLE_OBJC_ARC = YES;
				CLANG_WARN_EMPTY_BODY = YES;
				CLANG_WARN__DUPLICATE_METHOD_MATCH = YES;
				"CODE_SIGN_IDENTITY[sdk=iphoneos*]" = "iPhone Developer";
				COPY_PHASE_STRIP = NO;
				GCC_C_LANGUAGE_STANDARD = gnu99;
				GCC_DYNAMIC_NO_PIC = NO;
				GCC_OPTIMIZATION_LEVEL = 0;
				GCC_PREPROCESSOR_DEFINITIONS = (
					"DEBUG=1",
					"$(inherited)",
				);
				GCC_SYMBOLS_PRIVATE_EXTERN = NO;
				GCC_WARN_ABOUT_RETURN_TYPE = YES;
				GCC_WARN_UNINITIALIZED_AUTOS = YES;
				GCC_WARN_UNUSED_VARIABLE = YES;
				IPHONEOS_DEPLOYMENT_TARGET = 6.0;
				ONLY_ACTIVE_ARCH = YES;
				SDKROOT = iphoneos;
			};
			name = Debug;
		};
		56065F2116A3701100C4BA83 /* Release */ = {
			isa = XCBuildConfiguration;
			buildSettings = {
				ALWAYS_SEARCH_USER_PATHS = NO;
				CLANG_CXX_LANGUAGE_STANDARD = "gnu++0x";
				CLANG_CXX_LIBRARY = "libc++";
				CLANG_ENABLE_OBJC_ARC = YES;
				CLANG_WARN_EMPTY_BODY = YES;
				CLANG_WARN__DUPLICATE_METHOD_MATCH = YES;
				"CODE_SIGN_IDENTITY[sdk=iphoneos*]" = "iPhone Developer";
				COPY_PHASE_STRIP = YES;
				GCC_C_LANGUAGE_STANDARD = gnu99;
				GCC_WARN_ABOUT_RETURN_TYPE = YES;
				GCC_WARN_UNINITIALIZED_AUTOS = YES;
				GCC_WARN_UNUSED_VARIABLE = YES;
				IPHONEOS_DEPLOYMENT_TARGET = 6.0;
				OTHER_CFLAGS = "-DNS_BLOCK_ASSERTIONS=1";
				SDKROOT = iphoneos;
				VALIDATE_PRODUCT = YES;
			};
			name = Release;
		};
		56065F2316A3701100C4BA83 /* Debug */ = {
			isa = XCBuildConfiguration;
			baseConfigurationReference = 4C15C74FB6FB4D089657D0A5 /* Pods.xcconfig */;
			buildSettings = {
				GCC_PRECOMPILE_PREFIX_HEADER = YES;
				GCC_PREFIX_HEADER = "PokerBasic/PokerBasic-Prefix.pch";
				INFOPLIST_FILE = "PokerBasic/PokerBasic-Info.plist";
				PRODUCT_NAME = "$(TARGET_NAME)";
				WRAPPER_EXTENSION = app;
			};
			name = Debug;
		};
		56065F2416A3701100C4BA83 /* Release */ = {
			isa = XCBuildConfiguration;
			baseConfigurationReference = 4C15C74FB6FB4D089657D0A5 /* Pods.xcconfig */;
			buildSettings = {
				GCC_PRECOMPILE_PREFIX_HEADER = YES;
				GCC_PREFIX_HEADER = "PokerBasic/PokerBasic-Prefix.pch";
				INFOPLIST_FILE = "PokerBasic/PokerBasic-Info.plist";
				PRODUCT_NAME = "$(TARGET_NAME)";
				WRAPPER_EXTENSION = app;
			};
			name = Release;
		};
/* End XCBuildConfiguration section */

/* Begin XCConfigurationList section */
		56065EF816A3701100C4BA83 /* Build configuration list for PBXProject "PokerBasic" */ = {
			isa = XCConfigurationList;
			buildConfigurations = (
				56065F2016A3701100C4BA83 /* Debug */,
				56065F2116A3701100C4BA83 /* Release */,
			);
			defaultConfigurationIsVisible = 0;
			defaultConfigurationName = Release;
		};
		56065F2216A3701100C4BA83 /* Build configuration list for PBXNativeTarget "PokerBasic" */ = {
			isa = XCConfigurationList;
			buildConfigurations = (
				56065F2316A3701100C4BA83 /* Debug */,
				56065F2416A3701100C4BA83 /* Release */,
			);
			defaultConfigurationIsVisible = 0;
			defaultConfigurationName = Release;
		};
/* End XCConfigurationList section */
	};
	rootObject = 56065EF516A3701100C4BA83 /* Project object */;
}
